// !$*UTF8*$!
{
	archiveVersion = 1;
	classes = {
	};
	objectVersion = 50;
	objects = {

/* Begin PBXBuildFile section */
		EB0B56FF2699CE9700748D20 /* AppDelegate.swift in Sources */ = {isa = PBXBuildFile; fileRef = EB0B56FE2699CE9700748D20 /* AppDelegate.swift */; };
		EB0B57082699CE9B00748D20 /* Assets.xcassets in Resources */ = {isa = PBXBuildFile; fileRef = EB0B57072699CE9B00748D20 /* Assets.xcassets */; };
		EB0B570B2699CE9B00748D20 /* LaunchScreen.storyboard in Resources */ = {isa = PBXBuildFile; fileRef = EB0B57092699CE9B00748D20 /* LaunchScreen.storyboard */; };
		EB0B57202699D06F00748D20 /* Album.swift in Sources */ = {isa = PBXBuildFile; fileRef = EB0B571F2699D06F00748D20 /* Album.swift */; };
		EB0B57232699D08900748D20 /* Album.ViewController.swift in Sources */ = {isa = PBXBuildFile; fileRef = EB0B57222699D08900748D20 /* Album.ViewController.swift */; };
		EB533FF92699D1EC00806F67 /* Album.ViewController.View.swift in Sources */ = {isa = PBXBuildFile; fileRef = EB533FF82699D1EC00806F67 /* Album.ViewController.View.swift */; };
		EB533FFC2699D23200806F67 /* Album.View.TableViewCell.swift in Sources */ = {isa = PBXBuildFile; fileRef = EB533FFB2699D23200806F67 /* Album.View.TableViewCell.swift */; };
		EB5340002699DC5900806F67 /* API.swift in Sources */ = {isa = PBXBuildFile; fileRef = EB533FFF2699DC5900806F67 /* API.swift */; };
		EB5340042699DC7000806F67 /* API.Album.swift in Sources */ = {isa = PBXBuildFile; fileRef = EB5340032699DC7000806F67 /* API.Album.swift */; };
		EB5340082699DD2100806F67 /* Ablum.ViewModel.swift in Sources */ = {isa = PBXBuildFile; fileRef = EB5340072699DD2100806F67 /* Ablum.ViewModel.swift */; };
		EB53400B2699DDFB00806F67 /* API.Manager.swift in Sources */ = {isa = PBXBuildFile; fileRef = EB53400A2699DDFB00806F67 /* API.Manager.swift */; };
		EB53400E269A079100806F67 /* Photo.swift in Sources */ = {isa = PBXBuildFile; fileRef = EB53400D269A079100806F67 /* Photo.swift */; };
		EB534013269A07B400806F67 /* Photo.ViewController.swift in Sources */ = {isa = PBXBuildFile; fileRef = EB534012269A07B400806F67 /* Photo.ViewController.swift */; };
		EB534016269A080100806F67 /* Photo.ViewModel.swift in Sources */ = {isa = PBXBuildFile; fileRef = EB534015269A080100806F67 /* Photo.ViewModel.swift */; };
		EB534019269A087E00806F67 /* API.Photo.swift in Sources */ = {isa = PBXBuildFile; fileRef = EB534018269A087E00806F67 /* API.Photo.swift */; };
		EB53401C269A0A3400806F67 /* API.Urls.swift in Sources */ = {isa = PBXBuildFile; fileRef = EB53401B269A0A3400806F67 /* API.Urls.swift */; };
		EB53401F269A0E4F00806F67 /* Photo.ViewController.View.swift in Sources */ = {isa = PBXBuildFile; fileRef = EB53401E269A0E4F00806F67 /* Photo.ViewController.View.swift */; };
		EB534027269A1F6900806F67 /* Photo.View.Cell.swift in Sources */ = {isa = PBXBuildFile; fileRef = EB534026269A1F6900806F67 /* Photo.View.Cell.swift */; };
/* End PBXBuildFile section */

/* Begin PBXFileReference section */
		EB0B56FB2699CE9700748D20 /* Inc.Assignment.app */ = {isa = PBXFileReference; explicitFileType = wrapper.application; includeInIndex = 0; path = Inc.Assignment.app; sourceTree = BUILT_PRODUCTS_DIR; };
		EB0B56FE2699CE9700748D20 /* AppDelegate.swift */ = {isa = PBXFileReference; lastKnownFileType = sourcecode.swift; path = AppDelegate.swift; sourceTree = "<group>"; };
		EB0B57072699CE9B00748D20 /* Assets.xcassets */ = {isa = PBXFileReference; lastKnownFileType = folder.assetcatalog; path = Assets.xcassets; sourceTree = "<group>"; };
		EB0B570A2699CE9B00748D20 /* Base */ = {isa = PBXFileReference; lastKnownFileType = file.storyboard; name = Base; path = Base.lproj/LaunchScreen.storyboard; sourceTree = "<group>"; };
		EB0B570C2699CE9B00748D20 /* Info.plist */ = {isa = PBXFileReference; lastKnownFileType = text.plist.xml; path = Info.plist; sourceTree = "<group>"; };
		EB0B571F2699D06F00748D20 /* Album.swift */ = {isa = PBXFileReference; lastKnownFileType = sourcecode.swift; path = Album.swift; sourceTree = "<group>"; };
		EB0B57222699D08900748D20 /* Album.ViewController.swift */ = {isa = PBXFileReference; lastKnownFileType = sourcecode.swift; path = Album.ViewController.swift; sourceTree = "<group>"; };
		EB533FF82699D1EC00806F67 /* Album.ViewController.View.swift */ = {isa = PBXFileReference; lastKnownFileType = sourcecode.swift; path = Album.ViewController.View.swift; sourceTree = "<group>"; };
		EB533FFB2699D23200806F67 /* Album.View.TableViewCell.swift */ = {isa = PBXFileReference; lastKnownFileType = sourcecode.swift; path = Album.View.TableViewCell.swift; sourceTree = "<group>"; };
		EB533FFF2699DC5900806F67 /* API.swift */ = {isa = PBXFileReference; lastKnownFileType = sourcecode.swift; path = API.swift; sourceTree = "<group>"; };
		EB5340032699DC7000806F67 /* API.Album.swift */ = {isa = PBXFileReference; lastKnownFileType = sourcecode.swift; path = API.Album.swift; sourceTree = "<group>"; };
		EB5340072699DD2100806F67 /* Ablum.ViewModel.swift */ = {isa = PBXFileReference; lastKnownFileType = sourcecode.swift; path = Ablum.ViewModel.swift; sourceTree = "<group>"; };
		EB53400A2699DDFB00806F67 /* API.Manager.swift */ = {isa = PBXFileReference; lastKnownFileType = sourcecode.swift; path = API.Manager.swift; sourceTree = "<group>"; };
		EB53400D269A079100806F67 /* Photo.swift */ = {isa = PBXFileReference; lastKnownFileType = sourcecode.swift; path = Photo.swift; sourceTree = "<group>"; };
		EB534012269A07B400806F67 /* Photo.ViewController.swift */ = {isa = PBXFileReference; lastKnownFileType = sourcecode.swift; path = Photo.ViewController.swift; sourceTree = "<group>"; };
		EB534015269A080100806F67 /* Photo.ViewModel.swift */ = {isa = PBXFileReference; lastKnownFileType = sourcecode.swift; path = Photo.ViewModel.swift; sourceTree = "<group>"; };
		EB534018269A087E00806F67 /* API.Photo.swift */ = {isa = PBXFileReference; lastKnownFileType = sourcecode.swift; path = API.Photo.swift; sourceTree = "<group>"; };
		EB53401B269A0A3400806F67 /* API.Urls.swift */ = {isa = PBXFileReference; lastKnownFileType = sourcecode.swift; path = API.Urls.swift; sourceTree = "<group>"; };
		EB53401E269A0E4F00806F67 /* Photo.ViewController.View.swift */ = {isa = PBXFileReference; lastKnownFileType = sourcecode.swift; path = Photo.ViewController.View.swift; sourceTree = "<group>"; };
		EB534026269A1F6900806F67 /* Photo.View.Cell.swift */ = {isa = PBXFileReference; lastKnownFileType = sourcecode.swift; path = Photo.View.Cell.swift; sourceTree = "<group>"; };
/* End PBXFileReference section */

/* Begin PBXFrameworksBuildPhase section */
		EB0B56F82699CE9700748D20 /* Frameworks */ = {
			isa = PBXFrameworksBuildPhase;
			buildActionMask = 2147483647;
			files = (
			);
			runOnlyForDeploymentPostprocessing = 0;
		};
/* End PBXFrameworksBuildPhase section */

/* Begin PBXGroup section */
		EB0B56F22699CE9700748D20 = {
			isa = PBXGroup;
			children = (
				EB0B56FD2699CE9700748D20 /* Inc.Assignment */,
				EB0B56FC2699CE9700748D20 /* Products */,
			);
			sourceTree = "<group>";
		};
		EB0B56FC2699CE9700748D20 /* Products */ = {
			isa = PBXGroup;
			children = (
				EB0B56FB2699CE9700748D20 /* Inc.Assignment.app */,
			);
			name = Products;
			sourceTree = "<group>";
		};
		EB0B56FD2699CE9700748D20 /* Inc.Assignment */ = {
			isa = PBXGroup;
			children = (
				EB0B571B2699D03E00748D20 /* Common */,
				EB0B57162699CFED00748D20 /* Features */,
				EB0B57132699CFA800748D20 /* Main */,
				EB0B57072699CE9B00748D20 /* Assets.xcassets */,
				EB0B57092699CE9B00748D20 /* LaunchScreen.storyboard */,
				EB0B570C2699CE9B00748D20 /* Info.plist */,
			);
			path = Inc.Assignment;
			sourceTree = "<group>";
		};
		EB0B57132699CFA800748D20 /* Main */ = {
			isa = PBXGroup;
			children = (
				EB0B56FE2699CE9700748D20 /* AppDelegate.swift */,
			);
			path = Main;
			sourceTree = "<group>";
		};
		EB0B57162699CFED00748D20 /* Features */ = {
			isa = PBXGroup;
			children = (
				EB0B571A2699D03500748D20 /* Favorites */,
				EB0B57192699D03000748D20 /* API */,
				EB0B57182699D02900748D20 /* Photo */,
				EB0B57172699D02000748D20 /* Album */,
			);
			path = Features;
			sourceTree = "<group>";
		};
		EB0B57172699D02000748D20 /* Album */ = {
			isa = PBXGroup;
			children = (
				EB0B571E2699D05B00748D20 /* Viewmodel */,
				EB0B571D2699D05400748D20 /* UI */,
				EB0B571F2699D06F00748D20 /* Album.swift */,
			);
			path = Album;
			sourceTree = "<group>";
		};
		EB0B57182699D02900748D20 /* Photo */ = {
			isa = PBXGroup;
			children = (
				EB534011269A07A300806F67 /* ViewModel */,
				EB534010269A079E00806F67 /* UI */,
				EB53400D269A079100806F67 /* Photo.swift */,
			);
			path = Photo;
			sourceTree = "<group>";
		};
		EB0B57192699D03000748D20 /* API */ = {
			isa = PBXGroup;
			children = (
				EB5340022699DC6300806F67 /* Models */,
				EB533FFF2699DC5900806F67 /* API.swift */,
				EB53400A2699DDFB00806F67 /* API.Manager.swift */,
				EB53401B269A0A3400806F67 /* API.Urls.swift */,
			);
			path = API;
			sourceTree = "<group>";
		};
		EB0B571A2699D03500748D20 /* Favorites */ = {
			isa = PBXGroup;
			children = (
			);
			path = Favorites;
			sourceTree = "<group>";
		};
		EB0B571B2699D03E00748D20 /* Common */ = {
			isa = PBXGroup;
			children = (
			);
			path = Common;
			sourceTree = "<group>";
		};
		EB0B571D2699D05400748D20 /* UI */ = {
			isa = PBXGroup;
			children = (
				EB0B57222699D08900748D20 /* Album.ViewController.swift */,
				EB533FF82699D1EC00806F67 /* Album.ViewController.View.swift */,
				EB533FFB2699D23200806F67 /* Album.View.TableViewCell.swift */,
			);
			path = UI;
			sourceTree = "<group>";
		};
		EB0B571E2699D05B00748D20 /* Viewmodel */ = {
			isa = PBXGroup;
			children = (
				EB5340072699DD2100806F67 /* Ablum.ViewModel.swift */,
			);
			path = Viewmodel;
			sourceTree = "<group>";
		};
		EB5340022699DC6300806F67 /* Models */ = {
			isa = PBXGroup;
			children = (
				EB5340032699DC7000806F67 /* API.Album.swift */,
				EB534018269A087E00806F67 /* API.Photo.swift */,
			);
			path = Models;
			sourceTree = "<group>";
		};
		EB534010269A079E00806F67 /* UI */ = {
			isa = PBXGroup;
			children = (
				EB534012269A07B400806F67 /* Photo.ViewController.swift */,
				EB53401E269A0E4F00806F67 /* Photo.ViewController.View.swift */,
				EB534026269A1F6900806F67 /* Photo.View.Cell.swift */,
			);
			path = UI;
			sourceTree = "<group>";
		};
		EB534011269A07A300806F67 /* ViewModel */ = {
			isa = PBXGroup;
			children = (
				EB534015269A080100806F67 /* Photo.ViewModel.swift */,
			);
			path = ViewModel;
			sourceTree = "<group>";
		};
/* End PBXGroup section */

/* Begin PBXNativeTarget section */
		EB0B56FA2699CE9700748D20 /* Inc.Assignment */ = {
			isa = PBXNativeTarget;
			buildConfigurationList = EB0B570F2699CE9B00748D20 /* Build configuration list for PBXNativeTarget "Inc.Assignment" */;
			buildPhases = (
				EB0B56F72699CE9700748D20 /* Sources */,
				EB0B56F82699CE9700748D20 /* Frameworks */,
				EB0B56F92699CE9700748D20 /* Resources */,
			);
			buildRules = (
			);
			dependencies = (
			);
			name = Inc.Assignment;
			productName = Inc.Assignment;
			productReference = EB0B56FB2699CE9700748D20 /* Inc.Assignment.app */;
			productType = "com.apple.product-type.application";
		};
/* End PBXNativeTarget section */

/* Begin PBXProject section */
		EB0B56F32699CE9700748D20 /* Project object */ = {
			isa = PBXProject;
			attributes = {
				LastSwiftUpdateCheck = 1200;
				LastUpgradeCheck = 1200;
				TargetAttributes = {
					EB0B56FA2699CE9700748D20 = {
						CreatedOnToolsVersion = 12.0.1;
					};
				};
			};
			buildConfigurationList = EB0B56F62699CE9700748D20 /* Build configuration list for PBXProject "Inc.Assignment" */;
			compatibilityVersion = "Xcode 9.3";
			developmentRegion = en;
			hasScannedForEncodings = 0;
			knownRegions = (
				en,
				Base,
			);
			mainGroup = EB0B56F22699CE9700748D20;
			productRefGroup = EB0B56FC2699CE9700748D20 /* Products */;
			projectDirPath = "";
			projectRoot = "";
			targets = (
				EB0B56FA2699CE9700748D20 /* Inc.Assignment */,
			);
		};
/* End PBXProject section */

/* Begin PBXResourcesBuildPhase section */
		EB0B56F92699CE9700748D20 /* Resources */ = {
			isa = PBXResourcesBuildPhase;
			buildActionMask = 2147483647;
			files = (
				EB0B570B2699CE9B00748D20 /* LaunchScreen.storyboard in Resources */,
				EB0B57082699CE9B00748D20 /* Assets.xcassets in Resources */,
			);
			runOnlyForDeploymentPostprocessing = 0;
		};
/* End PBXResourcesBuildPhase section */

/* Begin PBXSourcesBuildPhase section */
		EB0B56F72699CE9700748D20 /* Sources */ = {
			isa = PBXSourcesBuildPhase;
			buildActionMask = 2147483647;
			files = (
				EB533FFC2699D23200806F67 /* Album.View.TableViewCell.swift in Sources */,
				EB534027269A1F6900806F67 /* Photo.View.Cell.swift in Sources */,
				EB0B57232699D08900748D20 /* Album.ViewController.swift in Sources */,
				EB533FF92699D1EC00806F67 /* Album.ViewController.View.swift in Sources */,
				EB53401F269A0E4F00806F67 /* Photo.ViewController.View.swift in Sources */,
				EB5340082699DD2100806F67 /* Ablum.ViewModel.swift in Sources */,
				EB53400E269A079100806F67 /* Photo.swift in Sources */,
				EB5340042699DC7000806F67 /* API.Album.swift in Sources */,
				EB534019269A087E00806F67 /* API.Photo.swift in Sources */,
				EB534013269A07B400806F67 /* Photo.ViewController.swift in Sources */,
				EB53400B2699DDFB00806F67 /* API.Manager.swift in Sources */,
				EB53401C269A0A3400806F67 /* API.Urls.swift in Sources */,
				EB534016269A080100806F67 /* Photo.ViewModel.swift in Sources */,
				EB0B56FF2699CE9700748D20 /* AppDelegate.swift in Sources */,
				EB5340002699DC5900806F67 /* API.swift in Sources */,
				EB0B57202699D06F00748D20 /* Album.swift in Sources */,
			);
			runOnlyForDeploymentPostprocessing = 0;
		};
/* End PBXSourcesBuildPhase section */

/* Begin PBXVariantGroup section */
		EB0B57092699CE9B00748D20 /* LaunchScreen.storyboard */ = {
			isa = PBXVariantGroup;
			children = (
				EB0B570A2699CE9B00748D20 /* Base */,
			);
			name = LaunchScreen.storyboard;
			sourceTree = "<group>";
		};
/* End PBXVariantGroup section */

/* Begin XCBuildConfiguration section */
		EB0B570D2699CE9B00748D20 /* Debug */ = {
			isa = XCBuildConfiguration;
			buildSettings = {
				ALWAYS_SEARCH_USER_PATHS = NO;
				CLANG_ANALYZER_NONNULL = YES;
				CLANG_ANALYZER_NUMBER_OBJECT_CONVERSION = YES_AGGRESSIVE;
				CLANG_CXX_LANGUAGE_STANDARD = "gnu++14";
				CLANG_CXX_LIBRARY = "libc++";
				CLANG_ENABLE_MODULES = YES;
				CLANG_ENABLE_OBJC_ARC = YES;
				CLANG_ENABLE_OBJC_WEAK = YES;
				CLANG_WARN_BLOCK_CAPTURE_AUTORELEASING = YES;
				CLANG_WARN_BOOL_CONVERSION = YES;
				CLANG_WARN_COMMA = YES;
				CLANG_WARN_CONSTANT_CONVERSION = YES;
				CLANG_WARN_DEPRECATED_OBJC_IMPLEMENTATIONS = YES;
				CLANG_WARN_DIRECT_OBJC_ISA_USAGE = YES_ERROR;
				CLANG_WARN_DOCUMENTATION_COMMENTS = YES;
				CLANG_WARN_EMPTY_BODY = YES;
				CLANG_WARN_ENUM_CONVERSION = YES;
				CLANG_WARN_INFINITE_RECURSION = YES;
				CLANG_WARN_INT_CONVERSION = YES;
				CLANG_WARN_NON_LITERAL_NULL_CONVERSION = YES;
				CLANG_WARN_OBJC_IMPLICIT_RETAIN_SELF = YES;
				CLANG_WARN_OBJC_LITERAL_CONVERSION = YES;
				CLANG_WARN_OBJC_ROOT_CLASS = YES_ERROR;
				CLANG_WARN_QUOTED_INCLUDE_IN_FRAMEWORK_HEADER = YES;
				CLANG_WARN_RANGE_LOOP_ANALYSIS = YES;
				CLANG_WARN_STRICT_PROTOTYPES = YES;
				CLANG_WARN_SUSPICIOUS_MOVE = YES;
				CLANG_WARN_UNGUARDED_AVAILABILITY = YES_AGGRESSIVE;
				CLANG_WARN_UNREACHABLE_CODE = YES;
				CLANG_WARN__DUPLICATE_METHOD_MATCH = YES;
				COPY_PHASE_STRIP = NO;
				DEBUG_INFORMATION_FORMAT = dwarf;
				ENABLE_STRICT_OBJC_MSGSEND = YES;
				ENABLE_TESTABILITY = YES;
				GCC_C_LANGUAGE_STANDARD = gnu11;
				GCC_DYNAMIC_NO_PIC = NO;
				GCC_NO_COMMON_BLOCKS = YES;
				GCC_OPTIMIZATION_LEVEL = 0;
				GCC_PREPROCESSOR_DEFINITIONS = (
					"DEBUG=1",
					"$(inherited)",
				);
				GCC_WARN_64_TO_32_BIT_CONVERSION = YES;
				GCC_WARN_ABOUT_RETURN_TYPE = YES_ERROR;
				GCC_WARN_UNDECLARED_SELECTOR = YES;
				GCC_WARN_UNINITIALIZED_AUTOS = YES_AGGRESSIVE;
				GCC_WARN_UNUSED_FUNCTION = YES;
				GCC_WARN_UNUSED_VARIABLE = YES;
				IPHONEOS_DEPLOYMENT_TARGET = 14.0;
				MTL_ENABLE_DEBUG_INFO = INCLUDE_SOURCE;
				MTL_FAST_MATH = YES;
				ONLY_ACTIVE_ARCH = YES;
				SDKROOT = iphoneos;
				SWIFT_ACTIVE_COMPILATION_CONDITIONS = DEBUG;
				SWIFT_OPTIMIZATION_LEVEL = "-Onone";
			};
			name = Debug;
		};
		EB0B570E2699CE9B00748D20 /* Release */ = {
			isa = XCBuildConfiguration;
			buildSettings = {
				ALWAYS_SEARCH_USER_PATHS = NO;
				CLANG_ANALYZER_NONNULL = YES;
				CLANG_ANALYZER_NUMBER_OBJECT_CONVERSION = YES_AGGRESSIVE;
				CLANG_CXX_LANGUAGE_STANDARD = "gnu++14";
				CLANG_CXX_LIBRARY = "libc++";
				CLANG_ENABLE_MODULES = YES;
				CLANG_ENABLE_OBJC_ARC = YES;
				CLANG_ENABLE_OBJC_WEAK = YES;
				CLANG_WARN_BLOCK_CAPTURE_AUTORELEASING = YES;
				CLANG_WARN_BOOL_CONVERSION = YES;
				CLANG_WARN_COMMA = YES;
				CLANG_WARN_CONSTANT_CONVERSION = YES;
				CLANG_WARN_DEPRECATED_OBJC_IMPLEMENTATIONS = YES;
				CLANG_WARN_DIRECT_OBJC_ISA_USAGE = YES_ERROR;
				CLANG_WARN_DOCUMENTATION_COMMENTS = YES;
				CLANG_WARN_EMPTY_BODY = YES;
				CLANG_WARN_ENUM_CONVERSION = YES;
				CLANG_WARN_INFINITE_RECURSION = YES;
				CLANG_WARN_INT_CONVERSION = YES;
				CLANG_WARN_NON_LITERAL_NULL_CONVERSION = YES;
				CLANG_WARN_OBJC_IMPLICIT_RETAIN_SELF = YES;
				CLANG_WARN_OBJC_LITERAL_CONVERSION = YES;
				CLANG_WARN_OBJC_ROOT_CLASS = YES_ERROR;
				CLANG_WARN_QUOTED_INCLUDE_IN_FRAMEWORK_HEADER = YES;
				CLANG_WARN_RANGE_LOOP_ANALYSIS = YES;
				CLANG_WARN_STRICT_PROTOTYPES = YES;
				CLANG_WARN_SUSPICIOUS_MOVE = YES;
				CLANG_WARN_UNGUARDED_AVAILABILITY = YES_AGGRESSIVE;
				CLANG_WARN_UNREACHABLE_CODE = YES;
				CLANG_WARN__DUPLICATE_METHOD_MATCH = YES;
				COPY_PHASE_STRIP = NO;
				DEBUG_INFORMATION_FORMAT = "dwarf-with-dsym";
				ENABLE_NS_ASSERTIONS = NO;
				ENABLE_STRICT_OBJC_MSGSEND = YES;
				GCC_C_LANGUAGE_STANDARD = gnu11;
				GCC_NO_COMMON_BLOCKS = YES;
				GCC_WARN_64_TO_32_BIT_CONVERSION = YES;
				GCC_WARN_ABOUT_RETURN_TYPE = YES_ERROR;
				GCC_WARN_UNDECLARED_SELECTOR = YES;
				GCC_WARN_UNINITIALIZED_AUTOS = YES_AGGRESSIVE;
				GCC_WARN_UNUSED_FUNCTION = YES;
				GCC_WARN_UNUSED_VARIABLE = YES;
				IPHONEOS_DEPLOYMENT_TARGET = 14.0;
				MTL_ENABLE_DEBUG_INFO = NO;
				MTL_FAST_MATH = YES;
				SDKROOT = iphoneos;
				SWIFT_COMPILATION_MODE = wholemodule;
				SWIFT_OPTIMIZATION_LEVEL = "-O";
				VALIDATE_PRODUCT = YES;
			};
			name = Release;
		};
		EB0B57102699CE9B00748D20 /* Debug */ = {
			isa = XCBuildConfiguration;
			buildSettings = {
				ASSETCATALOG_COMPILER_APPICON_NAME = AppIcon;
				ASSETCATALOG_COMPILER_GLOBAL_ACCENT_COLOR_NAME = AccentColor;
				CODE_SIGN_STYLE = Automatic;
				DEVELOPMENT_TEAM = 9QN8WR38C3;
				INFOPLIST_FILE = Inc.Assignment/Info.plist;
				LD_RUNPATH_SEARCH_PATHS = (
					"$(inherited)",
					"@executable_path/Frameworks",
				);
				PRODUCT_BUNDLE_IDENTIFIER = "com.dannyprodanovic.Inc-Assignment";
				PRODUCT_NAME = "$(TARGET_NAME)";
				SWIFT_VERSION = 5.0;
				TARGETED_DEVICE_FAMILY = "1,2";
			};
			name = Debug;
		};
		EB0B57112699CE9B00748D20 /* Release */ = {
			isa = XCBuildConfiguration;
			buildSettings = {
				ASSETCATALOG_COMPILER_APPICON_NAME = AppIcon;
				ASSETCATALOG_COMPILER_GLOBAL_ACCENT_COLOR_NAME = AccentColor;
				CODE_SIGN_STYLE = Automatic;
				DEVELOPMENT_TEAM = 9QN8WR38C3;
				INFOPLIST_FILE = Inc.Assignment/Info.plist;
				LD_RUNPATH_SEARCH_PATHS = (
					"$(inherited)",
					"@executable_path/Frameworks",
				);
				PRODUCT_BUNDLE_IDENTIFIER = "com.dannyprodanovic.Inc-Assignment";
				PRODUCT_NAME = "$(TARGET_NAME)";
				SWIFT_VERSION = 5.0;
				TARGETED_DEVICE_FAMILY = "1,2";
			};
			name = Release;
		};
/* End XCBuildConfiguration section */

/* Begin XCConfigurationList section */
		EB0B56F62699CE9700748D20 /* Build configuration list for PBXProject "Inc.Assignment" */ = {
			isa = XCConfigurationList;
			buildConfigurations = (
				EB0B570D2699CE9B00748D20 /* Debug */,
				EB0B570E2699CE9B00748D20 /* Release */,
			);
			defaultConfigurationIsVisible = 0;
			defaultConfigurationName = Release;
		};
		EB0B570F2699CE9B00748D20 /* Build configuration list for PBXNativeTarget "Inc.Assignment" */ = {
			isa = XCConfigurationList;
			buildConfigurations = (
				EB0B57102699CE9B00748D20 /* Debug */,
				EB0B57112699CE9B00748D20 /* Release */,
			);
			defaultConfigurationIsVisible = 0;
			defaultConfigurationName = Release;
		};
/* End XCConfigurationList section */
	};
	rootObject = EB0B56F32699CE9700748D20 /* Project object */;
}
